<?xml version="1.0" encoding="utf-8"?>
<Project ToolsVersion="4.0" xmlns="http://schemas.microsoft.com/developer/msbuild/2003">
  <ItemGroup>
    <Filter Include="头文件">
      <UniqueIdentifier>{93995380-89BD-4b04-88EB-625FBE52EBFB}</UniqueIdentifier>
      <Extensions>h;hh;hpp;hxx;h++;hm;inl;inc;ipp;xsd</Extensions>
    </Filter>
    <Filter Include="资源文件">
      <UniqueIdentifier>{67DA6AB6-F800-4c08-8B7A-83BB121AAD01}</UniqueIdentifier>
      <Extensions>rc;ico;cur;bmp;dlg;rc2;rct;bin;rgs;gif;jpg;jpeg;jpe;resx;tiff;tif;png;wav;mfcribbon-ms</Extensions>
    </Filter>
    <Filter Include="源文件">
      <UniqueIdentifier>{8fc9b069-fd51-4c90-9356-68a546c07a52}</UniqueIdentifier>
    </Filter>
  </ItemGroup>
  <ItemGroup>
    <ClCompile Include="Chapter6.h">
      <Filter>头文件</Filter>
    </ClCompile>
    <ClCompile Include="Chapter01\1.1.6.cpp">
      <Filter>源文件</Filter>
    </ClCompile>
    <ClCompile Include="Chapter01\1.1.cpp">
      <Filter>源文件</Filter>
    </ClCompile>
    <ClCompile Include="Chapter01\1.2.cpp">
      <Filter>源文件</Filter>
    </ClCompile>
    <ClCompile Include="Chapter01\1.4.1.cpp">
      <Filter>源文件</Filter>
    </ClCompile>
    <ClCompile Include="Chapter01\1.10.cpp">
      <Filter>源文件</Filter>
    </ClCompile>
    <ClCompile Include="Chapter01\1.11.cpp">
      <Filter>源文件</Filter>
    </ClCompile>
    <ClCompile Include="Chapter01\1.12.cpp">
      <Filter>源文件</Filter>
    </ClCompile>
    <ClCompile Include="Chapter01\1.13%3b.cpp">
      <Filter>源文件</Filter>
    </ClCompile>
    <ClCompile Include="Chapter01\1.17.cpp">
      <Filter>源文件</Filter>
    </ClCompile>
    <ClCompile Include="Chapter01\1.19.cpp">
      <Filter>源文件</Filter>
    </ClCompile>
    <ClCompile Include="Chapter01\1.20.cpp">
      <Filter>源文件</Filter>
    </ClCompile>
    <ClCompile Include="Chapter01\1.21.cpp">
      <Filter>源文件</Filter>
    </ClCompile>
    <ClCompile Include="Chapter01\1.22.cpp">
      <Filter>源文件</Filter>
    </ClCompile>
    <ClCompile Include="Chapter01\1.23.cpp">
      <Filter>源文件</Filter>
    </ClCompile>
    <ClCompile Include="Chapter01\1.25.cpp">
      <Filter>源文件</Filter>
    </ClCompile>
    <ClCompile Include="Chapter02\2.3.cpp">
      <Filter>源文件</Filter>
    </ClCompile>
    <ClCompile Include="Chapter02\2.8.cpp">
      <Filter>源文件</Filter>
    </ClCompile>
    <ClCompile Include="Chapter02\2.18.cpp">
      <Filter>源文件</Filter>
    </ClCompile>
    <ClCompile Include="Chapter02\2.34.cpp">
      <Filter>源文件</Filter>
    </ClCompile>
    <ClCompile Include="Chapter02\2.35.cpp">
      <Filter>源文件</Filter>
    </ClCompile>
    <ClCompile Include="Chapter02\2.40.cpp">
      <Filter>源文件</Filter>
    </ClCompile>
    <ClCompile Include="Chapter02\2.41-1.6.cpp">
      <Filter>源文件</Filter>
    </ClCompile>
    <ClCompile Include="Chapter03\3.1.cpp">
      <Filter>源文件</Filter>
    </ClCompile>
    <ClCompile Include="Chapter03\3.1-2.cpp">
      <Filter>源文件</Filter>
    </ClCompile>
    <ClCompile Include="Chapter03\3.2.cpp">
      <Filter>源文件</Filter>
    </ClCompile>
    <ClCompile Include="Chapter03\3.2-2.cpp">
      <Filter>源文件</Filter>
    </ClCompile>
    <ClCompile Include="Chapter03\3.4.cpp">
      <Filter>源文件</Filter>
    </ClCompile>
    <ClCompile Include="Chapter03\3.4-2.cpp">
      <Filter>源文件</Filter>
    </ClCompile>
    <ClCompile Include="Chapter03\3.5.cpp">
      <Filter>源文件</Filter>
    </ClCompile>
    <ClCompile Include="Chapter03\3.5-2.cpp">
      <Filter>源文件</Filter>
    </ClCompile>
    <ClCompile Include="Chapter03\3.6.cpp">
      <Filter>源文件</Filter>
    </ClCompile>
    <ClCompile Include="Chapter03\3.8.cpp">
      <Filter>源文件</Filter>
    </ClCompile>
    <ClCompile Include="Chapter03\3.10.cpp">
      <Filter>源文件</Filter>
    </ClCompile>
    <ClCompile Include="Chapter03\3.14.cpp">
      <Filter>源文件</Filter>
    </ClCompile>
    <ClCompile Include="Chapter03\3.15.cpp">
      <Filter>源文件</Filter>
    </ClCompile>
    <ClCompile Include="Chapter03\3.16.cpp">
      <Filter>源文件</Filter>
    </ClCompile>
    <ClCompile Include="Chapter03\3.17.cpp">
      <Filter>源文件</Filter>
    </ClCompile>
    <ClCompile Include="Chapter03\3.18.cpp">
      <Filter>源文件</Filter>
    </ClCompile>
    <ClCompile Include="Chapter03\3.19.cpp">
      <Filter>源文件</Filter>
    </ClCompile>
    <ClCompile Include="Chapter03\3.20.cpp">
      <Filter>源文件</Filter>
    </ClCompile>
    <ClCompile Include="Chapter03\3.21.cpp">
      <Filter>源文件</Filter>
    </ClCompile>
    <ClCompile Include="Chapter03\3.22.cpp">
      <Filter>源文件</Filter>
    </ClCompile>
    <ClCompile Include="Chapter03\3.23.cpp">
      <Filter>源文件</Filter>
    </ClCompile>
    <ClCompile Include="Chapter03\3.24.cpp">
      <Filter>源文件</Filter>
    </ClCompile>
    <ClCompile Include="Chapter03\3.25.cpp">
      <Filter>源文件</Filter>
    </ClCompile>
    <ClCompile Include="Chapter03\3.31.cpp">
      <Filter>源文件</Filter>
    </ClCompile>
    <ClCompile Include="Chapter03\3.32.cpp">
      <Filter>源文件</Filter>
    </ClCompile>
    <ClCompile Include="Chapter03\3.35.cpp">
      <Filter>源文件</Filter>
    </ClCompile>
    <ClCompile Include="Chapter03\3.36.cpp">
      <Filter>源文件</Filter>
    </ClCompile>
    <ClCompile Include="Chapter03\3.39.cpp">
      <Filter>源文件</Filter>
    </ClCompile>
    <ClCompile Include="Chapter03\3.40.cpp">
      <Filter>源文件</Filter>
    </ClCompile>
    <ClCompile Include="Chapter03\3.41.cpp">
      <Filter>源文件</Filter>
    </ClCompile>
    <ClCompile Include="Chapter03\3.42.cpp">
      <Filter>源文件</Filter>
    </ClCompile>
    <ClCompile Include="Chapter03\3.43.cpp">
      <Filter>源文件</Filter>
    </ClCompile>
    <ClCompile Include="Chapter03\3.44.cpp">
      <Filter>源文件</Filter>
    </ClCompile>
    <ClCompile Include="Chapter03\3.45.cpp">
      <Filter>源文件</Filter>
    </ClCompile>
    <ClCompile Include="Chapter04\4.21.cpp">
      <Filter>源文件</Filter>
    </ClCompile>
    <ClCompile Include="Chapter04\4.22.cpp">
      <Filter>源文件</Filter>
    </ClCompile>
    <ClCompile Include="Chapter04\4.28.cpp">
      <Filter>源文件</Filter>
    </ClCompile>
    <ClCompile Include="Chapter05\5.3.cpp">
      <Filter>源文件</Filter>
    </ClCompile>
    <ClCompile Include="Chapter05\5.5.cpp">
      <Filter>源文件</Filter>
    </ClCompile>
    <ClCompile Include="Chapter05\5.6.cpp">
      <Filter>源文件</Filter>
    </ClCompile>
    <ClCompile Include="Chapter05\5.9.cpp">
      <Filter>源文件</Filter>
    </ClCompile>
    <ClCompile Include="Chapter05\5.10.cpp">
      <Filter>源文件</Filter>
    </ClCompile>
    <ClCompile Include="Chapter05\5.11.cpp">
      <Filter>源文件</Filter>
    </ClCompile>
    <ClCompile Include="Chapter05\5.12.cpp">
      <Filter>源文件</Filter>
    </ClCompile>
    <ClCompile Include="Chapter05\5.14.cpp">
      <Filter>源文件</Filter>
    </ClCompile>
    <ClCompile Include="Chapter05\5.17.cpp">
      <Filter>源文件</Filter>
    </ClCompile>
    <ClCompile Include="Chapter05\5.19.cpp">
      <Filter>源文件</Filter>
    </ClCompile>
    <ClCompile Include="Chapter05\5.20.cpp">
      <Filter>源文件</Filter>
    </ClCompile>
    <ClCompile Include="Chapter05\5.21.cpp">
      <Filter>源文件</Filter>
    </ClCompile>
    <ClCompile Include="Chapter05\5.23.cpp">
      <Filter>源文件</Filter>
    </ClCompile>
    <ClCompile Include="Chapter05\5.24.cpp">
      <Filter>源文件</Filter>
    </ClCompile>
    <ClCompile Include="Chapter05\5.25.cpp">
      <Filter>源文件</Filter>
    </ClCompile>
    <ClCompile Include="Chapter06\6.3.cpp">
      <Filter>源文件</Filter>
    </ClCompile>
    <ClCompile Include="Chapter06\6.4.cpp">
      <Filter>源文件</Filter>
    </ClCompile>
    <ClCompile Include="Chapter06\6.5.cpp">
      <Filter>源文件</Filter>
    </ClCompile>
    <ClCompile Include="Chapter06\6.6.cpp">
      <Filter>源文件</Filter>
    </ClCompile>
    <ClCompile Include="Chapter06\6.7.cpp">
      <Filter>源文件</Filter>
    </ClCompile>
    <ClCompile Include="Chapter06\6.9-fact.cpp">
      <Filter>源文件</Filter>
    </ClCompile>
    <ClCompile Include="Chapter06\6.9-factMain.cpp">
      <Filter>源文件</Filter>
    </ClCompile>
    <ClCompile Include="Chapter06\6.10.cpp">
      <Filter>源文件</Filter>
    </ClCompile>
    <ClCompile Include="Chapter06\6.11.cpp">
      <Filter>源文件</Filter>
    </ClCompile>
    <ClCompile Include="Chapter06\6.12.cpp">
      <Filter>源文件</Filter>
    </ClCompile>
    <ClCompile Include="Chapter06\6.17.cpp">
      <Filter>源文件</Filter>
    </ClCompile>
    <ClCompile Include="Chapter06\6.21.cpp">
      <Filter>源文件</Filter>
    </ClCompile>
    <ClCompile Include="Chapter06\6.22.cpp">
      <Filter>源文件</Filter>
    </ClCompile>
    <ClCompile Include="Chapter06\6.23.cpp">
      <Filter>源文件</Filter>
    </ClCompile>
    <ClCompile Include="Chapter06\6.25&amp;&amp;6.26.cpp">
      <Filter>源文件</Filter>
    </ClCompile>
    <ClCompile Include="Chapter06\6.27.cpp">
      <Filter>源文件</Filter>
    </ClCompile>
    <ClCompile Include="Chapter06\6.33.cpp">
      <Filter>源文件</Filter>
    </ClCompile>
    <ClCompile Include="Chapter06\6.42.cpp">
      <Filter>源文件</Filter>
    </ClCompile>
    <ClCompile Include="Chapter06\6.44.cpp">
      <Filter>源文件</Filter>
    </ClCompile>
    <ClCompile Include="Chapter06\6.47.cpp">
      <Filter>源文件</Filter>
    </ClCompile>
    <ClCompile Include="Chapter06\6.51.cpp">
      <Filter>源文件</Filter>
    </ClCompile>
    <ClCompile Include="Chapter06\6.54_55_56.cpp">
      <Filter>源文件</Filter>
    </ClCompile>
    <ClCompile Include="Chapter07\7.1.cpp">
      <Filter>源文件</Filter>
    </ClCompile>
    <ClCompile Include="Chapter07\7.3.cpp">
      <Filter>源文件</Filter>
    </ClCompile>
    <ClCompile Include="Chapter07\7.7.cpp">
      <Filter>源文件</Filter>
    </ClCompile>
    <ClCompile Include="Chapter07\7.11.cpp">
      <Filter>源文件</Filter>
    </ClCompile>
    <ClCompile Include="Chapter07\7.13.cpp">
      <Filter>源文件</Filter>
    </ClCompile>
    <ClCompile Include="Chapter07\7.26.cpp">
      <Filter>源文件</Filter>
    </ClCompile>
    <ClCompile Include="Chapter07\7.27.cpp">
      <Filter>源文件</Filter>
    </ClCompile>
    <ClCompile Include="Chapter07\7.41.cpp">
      <Filter>源文件</Filter>
    </ClCompile>
    <ClCompile Include="Chapter07\7.43.cpp">
      <Filter>源文件</Filter>
    </ClCompile>
    <ClCompile Include="Chapter08\8.2.cpp">
      <Filter>源文件</Filter>
    </ClCompile>
    <ClCompile Include="Chapter08\8.4.cpp">
      <Filter>源文件</Filter>
    </ClCompile>
    <ClCompile Include="Chapter08\8.5.cpp">
      <Filter>源文件</Filter>
    </ClCompile>
    <ClCompile Include="Chapter08\8.6.cpp">
      <Filter>源文件</Filter>
    </ClCompile>
    <ClCompile Include="Chapter08\8.7.cpp">
      <Filter>源文件</Filter>
    </ClCompile>
    <ClCompile Include="Chapter08\8.8.cpp">
      <Filter>源文件</Filter>
    </ClCompile>
    <ClCompile Include="Chapter08\8.9.cpp">
      <Filter>源文件</Filter>
    </ClCompile>
    <ClCompile Include="Chapter08\8.10.cpp">
      <Filter>源文件</Filter>
    </ClCompile>
    <ClCompile Include="Chapter08\8.11.cpp">
      <Filter>源文件</Filter>
    </ClCompile>
    <ClCompile Include="Chapter08\8.13.cpp">
      <Filter>源文件</Filter>
    </ClCompile>
    <ClCompile Include="Chapter09\9.13.cpp">
      <Filter>源文件</Filter>
    </ClCompile>
    <ClCompile Include="Chapter09\9.14.cpp">
      <Filter>源文件</Filter>
    </ClCompile>
    <ClCompile Include="Chapter09\9.15.cpp">
      <Filter>源文件</Filter>
    </ClCompile>
    <ClCompile Include="Chapter09\9.16.cpp">
      <Filter>源文件</Filter>
    </ClCompile>
    <ClCompile Include="Chapter09\9.18.cpp">
      <Filter>源文件</Filter>
    </ClCompile>
    <ClCompile Include="Chapter09\9.19.cpp">
      <Filter>源文件</Filter>
    </ClCompile>
    <ClCompile Include="Chapter09\9.20.cpp">
      <Filter>源文件</Filter>
    </ClCompile>
    <ClCompile Include="Chapter09\9.22.cpp">
      <Filter>源文件</Filter>
    </ClCompile>
    <ClCompile Include="Chapter09\9.24.cpp">
      <Filter>源文件</Filter>
    </ClCompile>
    <ClCompile Include="Chapter09\9.26.cpp">
      <Filter>源文件</Filter>
    </ClCompile>
    <ClCompile Include="Chapter09\9.27.cpp">
      <Filter>源文件</Filter>
    </ClCompile>
    <ClCompile Include="Chapter09\9.31_1.cpp">
      <Filter>源文件</Filter>
    </ClCompile>
    <ClCompile Include="Chapter09\9.31_2.cpp">
      <Filter>源文件</Filter>
    </ClCompile>
    <ClCompile Include="Chapter09\9.33.cpp">
      <Filter>源文件</Filter>
    </ClCompile>
    <ClCompile Include="Chapter09\9.34.cpp">
      <Filter>源文件</Filter>
    </ClCompile>
    <ClCompile Include="Chapter09\9.38.cpp">
      <Filter>源文件</Filter>
    </ClCompile>
    <ClCompile Include="Chapter09\9.41.cpp">
      <Filter>源文件</Filter>
    </ClCompile>
    <ClCompile Include="Chapter09\9.43.cpp">
      <Filter>源文件</Filter>
    </ClCompile>
    <ClCompile Include="Chapter09\9.44.cpp">
      <Filter>源文件</Filter>
    </ClCompile>
    <ClCompile Include="Chapter09\9.45.cpp">
      <Filter>源文件</Filter>
    </ClCompile>
    <ClCompile Include="Chapter09\9.46.cpp">
      <Filter>源文件</Filter>
    </ClCompile>
    <ClCompile Include="Chapter09\9.47_1.cpp">
      <Filter>源文件</Filter>
    </ClCompile>
    <ClCompile Include="Chapter09\9.47_2.cpp">
      <Filter>源文件</Filter>
    </ClCompile>
    <ClCompile Include="Chapter09\9.49.cpp">
      <Filter>源文件</Filter>
    </ClCompile>
    <ClCompile Include="Chapter09\9.50.cpp">
      <Filter>源文件</Filter>
    </ClCompile>
    <ClCompile Include="Chapter09\9.51.cpp">
      <Filter>源文件</Filter>
    </ClCompile>
    <ClCompile Include="Chapter09\9.52.cpp">
      <Filter>源文件</Filter>
    </ClCompile>
    <ClCompile Include="Chapter10\10.01_02.cpp">
      <Filter>源文件</Filter>
    </ClCompile>
    <ClCompile Include="Chapter10\10.3_4.cpp">
      <Filter>源文件</Filter>
    </ClCompile>
    <ClCompile Include="Chapter10\10.6.cpp">
      <Filter>源文件</Filter>
    </ClCompile>
    <ClCompile Include="Chapter10\10.7.cpp">
      <Filter>源文件</Filter>
    </ClCompile>
    <ClCompile Include="Chapter10\10.9.cpp">
      <Filter>源文件</Filter>
    </ClCompile>
    <ClCompile Include="Chapter10\10.11.cpp">
      <Filter>源文件</Filter>
    </ClCompile>
    <ClCompile Include="Chapter10\10.12.cpp">
      <Filter>源文件</Filter>
    </ClCompile>
    <ClCompile Include="Chapter10\10.13.cpp">
      <Filter>源文件</Filter>
    </ClCompile>
    <ClCompile Include="Chapter10\10.16.cpp">
      <Filter>源文件</Filter>
    </ClCompile>
    <ClCompile Include="Chapter10\10.17.cpp">
      <Filter>源文件</Filter>
    </ClCompile>
    <ClCompile Include="Chapter10\10.18_19.cpp">
      <Filter>源文件</Filter>
    </ClCompile>
    <ClCompile Include="Chapter10\10.20_21.cpp">
      <Filter>源文件</Filter>
    </ClCompile>
    <ClCompile Include="Chapter10\10.22.cpp">
      <Filter>源文件</Filter>
    </ClCompile>
    <ClCompile Include="Chapter10\10.24.cpp">
      <Filter>源文件</Filter>
    </ClCompile>
    <ClCompile Include="Chapter10\10.25.cpp">
      <Filter>源文件</Filter>
    </ClCompile>
    <ClCompile Include="Chapter10\10.27.cpp">
      <Filter>源文件</Filter>
    </ClCompile>
    <ClCompile Include="Chapter10\10.28.cpp">
      <Filter>源文件</Filter>
    </ClCompile>
    <ClCompile Include="Chapter10\10.29.cpp">
      <Filter>源文件</Filter>
    </ClCompile>
    <ClCompile Include="Chapter10\10.30.cpp">
      <Filter>源文件</Filter>
    </ClCompile>
    <ClCompile Include="Chapter10\10.31.cpp">
      <Filter>源文件</Filter>
    </ClCompile>
    <ClCompile Include="Chapter10\10.32.cpp">
      <Filter>源文件</Filter>
    </ClCompile>
    <ClCompile Include="Chapter10\10.33.cpp">
      <Filter>源文件</Filter>
    </ClCompile>
    <ClCompile Include="Chapter10\10.34_35_36_37.cpp">
      <Filter>源文件</Filter>
    </ClCompile>
    <ClCompile Include="Chapter10\10.42.cpp">
      <Filter>源文件</Filter>
    </ClCompile>
    <ClCompile Include="Chapter11\11.3_4.cpp">
      <Filter>源文件</Filter>
    </ClCompile>
    <ClCompile Include="Chapter11\11.7.cpp">
      <Filter>源文件</Filter>
    </ClCompile>
    <ClCompile Include="Chapter11\11.8.cpp">
      <Filter>源文件</Filter>
    </ClCompile>
    <ClCompile Include="Chapter11\11.9_10.cpp">
      <Filter>源文件</Filter>
    </ClCompile>
    <ClCompile Include="Chapter11\11.11.cpp">
      <Filter>源文件</Filter>
    </ClCompile>
    <ClCompile Include="Chapter11\11.12_13.cpp">
      <Filter>源文件</Filter>
    </ClCompile>
    <ClCompile Include="Chapter11\11.14.cpp">
      <Filter>源文件</Filter>
    </ClCompile>
    <ClCompile Include="Chapter11\11.20.cpp">
      <Filter>源文件</Filter>
    </ClCompile>
    <ClCompile Include="Chapter11\11.23.cpp">
      <Filter>源文件</Filter>
    </ClCompile>
    <ClCompile Include="Chapter11\11.24_25_26.cpp">
      <Filter>源文件</Filter>
    </ClCompile>
    <ClCompile Include="Chapter11\11.27_28_29_30.cpp">
      <Filter>源文件</Filter>
    </ClCompile>
    <ClCompile Include="Chapter11\11.31.cpp">
      <Filter>源文件</Filter>
    </ClCompile>
    <ClCompile Include="Chapter11\11.32.cpp">
      <Filter>源文件</Filter>
    </ClCompile>
    <ClCompile Include="Chapter11\11.33.cpp">
      <Filter>源文件</Filter>
    </ClCompile>
    <ClCompile Include="Chapter11\11.38.cpp">
      <Filter>源文件</Filter>
    </ClCompile>
    <ClCompile Include="Chapter12\12.2_test.cpp">
      <Filter>源文件</Filter>
    </ClCompile>
    <ClCompile Include="Chapter12\12.6.cpp">
      <Filter>源文件</Filter>
    </ClCompile>
    <ClCompile Include="Chapter12\12.7.cpp">
      <Filter>源文件</Filter>
    </ClCompile>
    <ClCompile Include="Chapter12\12.10.cpp">
      <Filter>源文件</Filter>
    </ClCompile>
    <ClCompile Include="Chapter12\12.11.cpp">
      <Filter>源文件</Filter>
    </ClCompile>
    <ClCompile Include="Chapter12\12.12.cpp">
      <Filter>源文件</Filter>
    </ClCompile>
    <ClCompile Include="Chapter12\12.13.cpp">
      <Filter>源文件</Filter>
    </ClCompile>
    <ClCompile Include="Chapter12\12.14.cpp">
      <Filter>源文件</Filter>
    </ClCompile>
    <ClCompile Include="Chapter12\12.15.cpp">
      <Filter>源文件</Filter>
    </ClCompile>
    <ClCompile Include="Chapter12\12.16.cpp">
      <Filter>源文件</Filter>
    </ClCompile>
    <ClCompile Include="Chapter12\12.17_18.cpp">
      <Filter>源文件</Filter>
    </ClCompile>
    <ClCompile Include="Chapter12\12.19.cpp">
      <Filter>源文件</Filter>
    </ClCompile>
    <ClCompile Include="Chapter12\12.20.cpp">
      <Filter>源文件</Filter>
    </ClCompile>
    <ClCompile Include="Chapter12\12.22.cpp">
      <Filter>源文件</Filter>
    </ClCompile>
    <ClCompile Include="Chapter12\12.23.cpp">
      <Filter>源文件</Filter>
    </ClCompile>
    <ClCompile Include="Chapter12\12.24.cpp">
      <Filter>源文件</Filter>
    </ClCompile>
    <ClCompile Include="Chapter12\12.26.cpp">
      <Filter>源文件</Filter>
    </ClCompile>
    <ClCompile Include="Chapter12\12.27_30.cpp">
      <Filter>源文件</Filter>
    </ClCompile>
    <ClCompile Include="Chapter12\12.27_30_Test.cpp">
      <Filter>源文件</Filter>
    </ClCompile>
    <ClCompile Include="Chapter12\12.28.cpp">
      <Filter>源文件</Filter>
    </ClCompile>
    <ClCompile Include="Chapter12\12.32.cpp">
      <Filter>源文件</Filter>
    </ClCompile>
    <ClCompile Include="Chapter12\12.32_test.cpp">
      <Filter>源文件</Filter>
    </ClCompile>
    <ClCompile Include="Chapter12\12.33.cpp">
      <Filter>源文件</Filter>
    </ClCompile>
    <ClCompile Include="Chapter12\12.33_Test.cpp">
      <Filter>源文件</Filter>
    </ClCompile>
    <ClCompile Include="Chapter13\13.13.cpp">
      <Filter>源文件</Filter>
    </ClCompile>
    <ClCompile Include="Chapter13\13.17_1.cpp">
      <Filter>源文件</Filter>
    </ClCompile>
    <ClCompile Include="Chapter13\13.17_2.cpp">
      <Filter>源文件</Filter>
    </ClCompile>
    <ClCompile Include="Chapter13\13.17_3.cpp">
      <Filter>源文件</Filter>
    </ClCompile>
    <ClCompile Include="Chapter13\13.18.cpp">
      <Filter>源文件</Filter>
    </ClCompile>
    <ClCompile Include="Chapter13\13.26.cpp">
      <Filter>源文件</Filter>
    </ClCompile>
    <ClCompile Include="Chapter13\13.28.cpp">
      <Filter>源文件</Filter>
    </ClCompile>
    <ClCompile Include="Chapter13\13.34_36_37.cpp">
      <Filter>源文件</Filter>
    </ClCompile>
    <ClCompile Include="Chapter13\13.39.cpp">
      <Filter>源文件</Filter>
    </ClCompile>
    <ClCompile Include="Chapter13\13.42.cpp">
      <Filter>源文件</Filter>
    </ClCompile>
    <ClCompile Include="Chapter13\13.42_StrVec.cpp">
      <Filter>源文件</Filter>
    </ClCompile>
    <ClCompile Include="Chapter13\13.42_TextQuery.cpp">
      <Filter>源文件</Filter>
    </ClCompile>
    <ClCompile Include="Chapter13\13.44_47.cpp">
      <Filter>源文件</Filter>
    </ClCompile>
    <ClCompile Include="Chapter13\13.48.cpp">
      <Filter>源文件</Filter>
    </ClCompile>
    <ClCompile Include="Chapter13\13.49_Message.cpp">
      <Filter>源文件</Filter>
    </ClCompile>
    <ClCompile Include="Chapter13\13.49_String.cpp">
      <Filter>源文件</Filter>
    </ClCompile>
    <ClCompile Include="Chapter13\13.49_StrVec.cpp">
      <Filter>源文件</Filter>
    </ClCompile>
    <ClCompile Include="Chapter13\13.53.cpp">
      <Filter>源文件</Filter>
    </ClCompile>
    <ClCompile Include="Chapter13\13.53_test.cpp">
      <Filter>源文件</Filter>
    </ClCompile>
    <ClCompile Include="Chapter13\13.58.cpp">
      <Filter>源文件</Filter>
    </ClCompile>
    <ClCompile Include="Chapter14\14.2.cpp">
      <Filter>源文件</Filter>
    </ClCompile>
    <ClCompile Include="Chapter14\14.2_Test.cpp">
      <Filter>源文件</Filter>
    </ClCompile>
    <ClCompile Include="Chapter14\14.5.cpp">
      <Filter>源文件</Filter>
    </ClCompile>
    <ClCompile Include="Chapter14\14.5_Test.cpp">
      <Filter>源文件</Filter>
    </ClCompile>
    <ClCompile Include="Chapter14\14.7.cpp">
      <Filter>源文件</Filter>
    </ClCompile>
    <ClCompile Include="Chapter14\14.7_Test.cpp">
      <Filter>源文件</Filter>
    </ClCompile>
    <ClCompile Include="Chapter14\14.13.cpp">
      <Filter>源文件</Filter>
    </ClCompile>
    <ClCompile Include="Chapter14\14.13_Test.cpp">
      <Filter>源文件</Filter>
    </ClCompile>
    <ClCompile Include="Chapter14\14.15.cpp">
      <Filter>源文件</Filter>
    </ClCompile>
    <ClCompile Include="Chapter14\14.15_Test.cpp">
      <Filter>源文件</Filter>
    </ClCompile>
    <ClCompile Include="Chapter14\14.16_StrBlob.cpp">
      <Filter>源文件</Filter>
    </ClCompile>
    <ClCompile Include="Chapter14\14.16_String.cpp">
      <Filter>源文件</Filter>
    </ClCompile>
    <ClCompile Include="Chapter14\14.16_StringMain.cpp">
      <Filter>源文件</Filter>
    </ClCompile>
    <ClCompile Include="Chapter14\14.16_StrVec.cpp">
      <Filter>源文件</Filter>
    </ClCompile>
    <ClCompile Include="Chapter14\14.16_StrVecMain.cpp">
      <Filter>源文件</Filter>
    </ClCompile>
    <ClCompile Include="Chapter14\14.16_Test.cpp">
      <Filter>源文件</Filter>
    </ClCompile>
    <ClCompile Include="Chapter14\14.18_StrBlob.cpp">
      <Filter>源文件</Filter>
    </ClCompile>
    <ClCompile Include="Chapter14\14.18_StrBlobTest.cpp">
      <Filter>源文件</Filter>
    </ClCompile>
    <ClCompile Include="Chapter14\14.18_String.cpp">
      <Filter>源文件</Filter>
    </ClCompile>
    <ClCompile Include="Chapter14\14.18_StringMain.cpp">
      <Filter>源文件</Filter>
    </ClCompile>
    <ClCompile Include="Chapter14\14.18_StrVec.cpp">
      <Filter>源文件</Filter>
    </ClCompile>
    <ClCompile Include="Chapter14\14.18_StrVecMain.cpp">
      <Filter>源文件</Filter>
    </ClCompile>
    <ClCompile Include="Chapter14\14.22.cpp">
      <Filter>源文件</Filter>
    </ClCompile>
    <ClCompile Include="Chapter14\14.22_Test.cpp">
      <Filter>源文件</Filter>
    </ClCompile>
    <ClCompile Include="Chapter14\14.23.cpp">
      <Filter>源文件</Filter>
    </ClCompile>
    <ClCompile Include="Chapter14\14.23_Test.cpp">
      <Filter>源文件</Filter>
    </ClCompile>
    <ClCompile Include="Chapter14\14.24.cpp">
      <Filter>源文件</Filter>
    </ClCompile>
    <ClCompile Include="Chapter14\14.24_Test.cpp">
      <Filter>源文件</Filter>
    </ClCompile>
    <ClCompile Include="Chapter14\14.26_StrBlob.cpp">
      <Filter>源文件</Filter>
    </ClCompile>
    <ClCompile Include="Chapter14\14.26_StrBlobTest.cpp">
      <Filter>源文件</Filter>
    </ClCompile>
    <ClCompile Include="Chapter14\14.26_String.cpp">
      <Filter>源文件</Filter>
    </ClCompile>
    <ClCompile Include="Chapter14\14.26_StringTest.cpp">
      <Filter>源文件</Filter>
    </ClCompile>
    <ClCompile Include="Chapter14\14.26_StrVec.cpp">
      <Filter>源文件</Filter>
    </ClCompile>
    <ClCompile Include="Chapter14\14.26_StrVecTest.cpp">
      <Filter>源文件</Filter>
    </ClCompile>
    <ClCompile Include="Chapter14\14.27_28_StrBlob.cpp">
      <Filter>源文件</Filter>
    </ClCompile>
    <ClCompile Include="Chapter14\14.27_28_StrBlobTest.cpp">
      <Filter>源文件</Filter>
    </ClCompile>
    <ClCompile Include="Chapter14\14.30_StrBlob.cpp">
      <Filter>源文件</Filter>
    </ClCompile>
    <ClCompile Include="Chapter14\14.30_StrBlob_Test.cpp">
      <Filter>源文件</Filter>
    </ClCompile>
    <ClCompile Include="Chapter14\14.32.cpp">
      <Filter>源文件</Filter>
    </ClCompile>
    <ClCompile Include="Chapter14\14.35.cpp">
      <Filter>源文件</Filter>
    </ClCompile>
    <ClCompile Include="Chapter14\14.36.cpp">
      <Filter>源文件</Filter>
    </ClCompile>
    <ClCompile Include="Chapter14\14.37.cpp">
      <Filter>源文件</Filter>
    </ClCompile>
    <ClCompile Include="Chapter14\14.38_39.cpp">
      <Filter>源文件</Filter>
    </ClCompile>
    <ClCompile Include="Chapter14\14.40.cpp">
      <Filter>源文件</Filter>
    </ClCompile>
    <ClCompile Include="Chapter14\14.42.cpp">
      <Filter>源文件</Filter>
    </ClCompile>
    <ClCompile Include="Chapter14\14.43.cpp">
      <Filter>源文件</Filter>
    </ClCompile>
    <ClCompile Include="Chapter14\14.44.cpp">
      <Filter>源文件</Filter>
    </ClCompile>
    <ClCompile Include="Chapter14\14.45.cpp">
      <Filter>源文件</Filter>
    </ClCompile>
    <ClCompile Include="Chapter14\14.45_Test.cpp">
      <Filter>源文件</Filter>
    </ClCompile>
    <ClCompile Include="Chapter14\14.49.cpp">
      <Filter>源文件</Filter>
    </ClCompile>
    <ClCompile Include="Chapter14\14.49_Test.cpp">
      <Filter>源文件</Filter>
    </ClCompile>
    <ClCompile Include="Chapter14_Demo.cpp">
      <Filter>源文件</Filter>
    </ClCompile>
    <ClCompile Include="Chapter15_Demo.cpp">
      <Filter>源文件</Filter>
    </ClCompile>
  </ItemGroup>
  <ItemGroup>
    <ClInclude Include="Sales_item.h">
      <Filter>头文件</Filter>
    </ClInclude>
    <ClInclude Include="Sales_data.h">
      <Filter>头文件</Filter>
    </ClInclude>
    <ClInclude Include="Chapter14\14.49.h">
      <Filter>头文件</Filter>
    </ClInclude>
    <ClInclude Include="Chapter14\14.45.h">
      <Filter>头文件</Filter>
    </ClInclude>
    <ClInclude Include="Chapter14\14.32.h">
      <Filter>头文件</Filter>
    </ClInclude>
    <ClInclude Include="Chapter14\14.30_StrBlob.h">
      <Filter>头文件</Filter>
    </ClInclude>
    <ClInclude Include="Chapter14\14.27_28_StrBlob.h">
      <Filter>头文件</Filter>
    </ClInclude>
    <ClInclude Include="Chapter14\14.26_StrVec.h">
      <Filter>头文件</Filter>
    </ClInclude>
    <ClInclude Include="Chapter14\14.26_String.h">
      <Filter>头文件</Filter>
    </ClInclude>
    <ClInclude Include="Chapter14\14.26_StrBlob.h">
      <Filter>头文件</Filter>
    </ClInclude>
    <ClInclude Include="Chapter14\14.24.h">
      <Filter>头文件</Filter>
    </ClInclude>
    <ClInclude Include="Chapter14\14.23.h">
      <Filter>头文件</Filter>
    </ClInclude>
    <ClInclude Include="Chapter14\14.22.h">
      <Filter>头文件</Filter>
    </ClInclude>
    <ClInclude Include="Chapter14\14.18_StrVec.h">
      <Filter>头文件</Filter>
    </ClInclude>
    <ClInclude Include="Chapter14\14.18_String.h">
      <Filter>头文件</Filter>
    </ClInclude>
    <ClInclude Include="Chapter14\14.18_StrBlob.h">
      <Filter>头文件</Filter>
    </ClInclude>
    <ClInclude Include="Chapter14\14.16_StrVec.h">
      <Filter>头文件</Filter>
    </ClInclude>
    <ClInclude Include="Chapter14\14.16_String.h">
      <Filter>头文件</Filter>
    </ClInclude>
    <ClInclude Include="Chapter14\14.16_StrBlob.h">
      <Filter>头文件</Filter>
    </ClInclude>
    <ClInclude Include="Chapter14\14.15.h">
      <Filter>头文件</Filter>
    </ClInclude>
    <ClInclude Include="Chapter14\14.13.h">
      <Filter>头文件</Filter>
    </ClInclude>
    <ClInclude Include="Chapter14\14.7.h">
      <Filter>头文件</Filter>
    </ClInclude>
    <ClInclude Include="Chapter14\14.5.h">
      <Filter>头文件</Filter>
    </ClInclude>
    <ClInclude Include="Chapter14\14.2.h">
      <Filter>头文件</Filter>
    </ClInclude>
    <ClInclude Include="Chapter13\13.53.h">
      <Filter>头文件</Filter>
    </ClInclude>
    <ClInclude Include="Chapter13\13.49_StrVec.h">
      <Filter>头文件</Filter>
    </ClInclude>
    <ClInclude Include="Chapter13\13.49_String.h">
      <Filter>头文件</Filter>
    </ClInclude>
    <ClInclude Include="Chapter13\13.49_Message.h">
      <Filter>头文件</Filter>
    </ClInclude>
    <ClInclude Include="Chapter13\13.44_47.h">
      <Filter>头文件</Filter>
    </ClInclude>
    <ClInclude Include="Chapter13\13.42_TextQuery.h">
      <Filter>头文件</Filter>
    </ClInclude>
    <ClInclude Include="Chapter13\13.42_StrVec.h">
      <Filter>头文件</Filter>
    </ClInclude>
    <ClInclude Include="Chapter13\13.39.h">
      <Filter>头文件</Filter>
    </ClInclude>
    <ClInclude Include="Chapter13\13.31.h">
      <Filter>头文件</Filter>
    </ClInclude>
    <ClInclude Include="Chapter13\13.30.h">
      <Filter>头文件</Filter>
    </ClInclude>
    <ClInclude Include="Chapter13\13.28.h">
      <Filter>头文件</Filter>
    </ClInclude>
    <ClInclude Include="Chapter13\13.27.h">
      <Filter>头文件</Filter>
    </ClInclude>
    <ClInclude Include="Chapter13\13.26.h">
      <Filter>头文件</Filter>
    </ClInclude>
    <ClInclude Include="Chapter13\13.22.h">
      <Filter>头文件</Filter>
    </ClInclude>
    <ClInclude Include="Chapter13\13.19.h">
      <Filter>头文件</Filter>
    </ClInclude>
    <ClInclude Include="Chapter13\13.18.h">
      <Filter>头文件</Filter>
    </ClInclude>
    <ClInclude Include="Chapter13\13.8.h">
      <Filter>头文件</Filter>
    </ClInclude>
    <ClInclude Include="Chapter13\13.5.h">
      <Filter>头文件</Filter>
    </ClInclude>
    <ClInclude Include="Chapter12\12.33.h">
      <Filter>头文件</Filter>
    </ClInclude>
    <ClInclude Include="Chapter12\12.32.h">
      <Filter>头文件</Filter>
    </ClInclude>
    <ClInclude Include="Chapter12\12.27_30.h">
      <Filter>头文件</Filter>
    </ClInclude>
    <ClInclude Include="Chapter13\13.34_36_37.h">
      <Filter>头文件</Filter>
    </ClInclude>
    <ClInclude Include="Chapter12\12.22.h">
      <Filter>头文件</Filter>
    </ClInclude>
    <ClInclude Include="Chapter12\12.19.h">
      <Filter>头文件</Filter>
    </ClInclude>
    <ClInclude Include="Chapter12\12.2.h">
      <Filter>头文件</Filter>
    </ClInclude>
    <ClInclude Include="Chapter07\7.2.h">
      <Filter>头文件</Filter>
    </ClInclude>
  </ItemGroup>
</Project>